
Microsoft Visual Studio Solution File, Format Version 12.00
# Visual Studio 14
VisualStudioVersion = 14.0.25420.1
MinimumVisualStudioVersion = 10.0.40219.1
Project("{8BC9CEB8-8B4A-11D0-8D11-00A0C91BC942}") = "实验4-4", "实验4-4\实验4-4.vcxproj", "{92FDB965-93B5-46BA-BC63-69CE83813D58}"
EndProject
Project("{8BC9CEB8-8B4A-11D0-8D11-00A0C91BC942}") = "4-4-2", "实验4-4\4-4-2\4-4-2.vcxproj", "{C63A5E7B-2101-4178-8257-6C02492292B9}"
EndProject
Project("{8BC9CEB8-8B4A-11D0-8D11-00A0C91BC942}") = "实验4-5", "实验4-5\实验4-5.vcxproj", "{1DEB748F-AB85-473C-8CF8-D431A0A1FC25}"
EndProject
Project("{8BC9CEB8-8B4A-11D0-8D11-00A0C91BC942}") = "4-4-3", "实验4-4\4-4-3\4-4-3.vcxproj", "{66909A3D-8159-4160-91C8-29AF054FFE36}"
EndProject
Project("{8BC9CEB8-8B4A-11D0-8D11-00A0C91BC942}") = "4-5-2", "实验4-5\4-5-2\4-5-2.vcxproj", "{808C6AB5-28BE-4D99-8951-A7FB261F2C4D}"
EndProject
Project("{8BC9CEB8-8B4A-11D0-8D11-00A0C91BC942}") = "实验4-6", "实验4-6\实验4-6.vcxproj", "{5681FC39-F167-45E4-85A4-C2E6306D25DB}"
EndProject
Project("{8BC9CEB8-8B4A-11D0-8D11-00A0C91BC942}") = "4-6-2", "实验4-6\4-6-2\4-6-2.vcxproj", "{4E90DDF2-E14E-45F4-8E08-339C4E59E533}"
EndProject
Project("{8BC9CEB8-8B4A-11D0-8D11-00A0C91BC942}") = "实验4-7", "实验4-7\实验4-7.vcxproj", "{43EC774C-9D73-42C7-BCA1-85E572B66381}"
EndProject
Project("{8BC9CEB8-8B4A-11D0-8D11-00A0C91BC942}") = "4-7-2", "实验4-7\4-7-2\4-7-2.vcxproj", "{C6CDEDEA-6652-4B53-827E-759FFE560CA0}"
EndProject
Global
	GlobalSection(SolutionConfigurationPlatforms) = preSolution
		Debug|x64 = Debug|x64
		Debug|x86 = Debug|x86
		Release|x64 = Release|x64
		Release|x86 = Release|x86
	EndGlobalSection
	GlobalSection(ProjectConfigurationPlatforms) = postSolution
		{92FDB965-93B5-46BA-BC63-69CE83813D58}.Debug|x64.ActiveCfg = Debug|x64
		{92FDB965-93B5-46BA-BC63-69CE83813D58}.Debug|x64.Build.0 = Debug|x64
		{92FDB965-93B5-46BA-BC63-69CE83813D58}.Debug|x86.ActiveCfg = Debug|Win32
		{92FDB965-93B5-46BA-BC63-69CE83813D58}.Debug|x86.Build.0 = Debug|Win32
		{92FDB965-93B5-46BA-BC63-69CE83813D58}.Release|x64.ActiveCfg = Release|x64
		{92FDB965-93B5-46BA-BC63-69CE83813D58}.Release|x64.Build.0 = Release|x64
		{92FDB965-93B5-46BA-BC63-69CE83813D58}.Release|x86.ActiveCfg = Release|Win32
		{92FDB965-93B5-46BA-BC63-69CE83813D58}.Release|x86.Build.0 = Release|Win32
		{C63A5E7B-2101-4178-8257-6C02492292B9}.Debug|x64.ActiveCfg = Debug|x64
		{C63A5E7B-2101-4178-8257-6C02492292B9}.Debug|x64.Build.0 = Debug|x64
		{C63A5E7B-2101-4178-8257-6C02492292B9}.Debug|x86.ActiveCfg = Debug|Win32
		{C63A5E7B-2101-4178-8257-6C02492292B9}.Debug|x86.Build.0 = Debug|Win32
		{C63A5E7B-2101-4178-8257-6C02492292B9}.Release|x64.ActiveCfg = Release|x64
		{C63A5E7B-2101-4178-8257-6C02492292B9}.Release|x64.Build.0 = Release|x64
		{C63A5E7B-2101-4178-8257-6C02492292B9}.Release|x86.ActiveCfg = Release|Win32
		{C63A5E7B-2101-4178-8257-6C02492292B9}.Release|x86.Build.0 = Release|Win32
		{1DEB748F-AB85-473C-8CF8-D431A0A1FC25}.Debug|x64.ActiveCfg = Debug|x64
		{1DEB748F-AB85-473C-8CF8-D431A0A1FC25}.Debug|x64.Build.0 = Debug|x64
		{1DEB748F-AB85-473C-8CF8-D431A0A1FC25}.Debug|x86.ActiveCfg = Debug|Win32
		{1DEB748F-AB85-473C-8CF8-D431A0A1FC25}.Debug|x86.Build.0 = Debug|Win32
		{1DEB748F-AB85-473C-8CF8-D431A0A1FC25}.Release|x64.ActiveCfg = Release|x64
		{1DEB748F-AB85-473C-8CF8-D431A0A1FC25}.Release|x64.Build.0 = Release|x64
		{1DEB748F-AB85-473C-8CF8-D431A0A1FC25}.Release|x86.ActiveCfg = Release|Win32
		{1DEB748F-AB85-473C-8CF8-D431A0A1FC25}.Release|x86.Build.0 = Release|Win32
		{66909A3D-8159-4160-91C8-29AF054FFE36}.Debug|x64.ActiveCfg = Debug|x64
		{66909A3D-8159-4160-91C8-29AF054FFE36}.Debug|x64.Build.0 = Debug|x64
		{66909A3D-8159-4160-91C8-29AF054FFE36}.Debug|x86.ActiveCfg = Debug|Win32
		{66909A3D-8159-4160-91C8-29AF054FFE36}.Debug|x86.Build.0 = Debug|Win32
		{66909A3D-8159-4160-91C8-29AF054FFE36}.Release|x64.ActiveCfg = Release|x64
		{66909A3D-8159-4160-91C8-29AF054FFE36}.Release|x64.Build.0 = Release|x64
		{66909A3D-8159-4160-91C8-29AF054FFE36}.Release|x86.ActiveCfg = Release|Win32
		{66909A3D-8159-4160-91C8-29AF054FFE36}.Release|x86.Build.0 = Release|Win32
		{808C6AB5-28BE-4D99-8951-A7FB261F2C4D}.Debug|x64.ActiveCfg = Debug|x64
		{808C6AB5-28BE-4D99-8951-A7FB261F2C4D}.Debug|x64.Build.0 = Debug|x64
		{808C6AB5-28BE-4D99-8951-A7FB261F2C4D}.Debug|x86.ActiveCfg = Debug|Win32
		{808C6AB5-28BE-4D99-8951-A7FB261F2C4D}.Debug|x86.Build.0 = Debug|Win32
		{808C6AB5-28BE-4D99-8951-A7FB261F2C4D}.Release|x64.ActiveCfg = Release|x64
		{808C6AB5-28BE-4D99-8951-A7FB261F2C4D}.Release|x64.Build.0 = Release|x64
		{808C6AB5-28BE-4D99-8951-A7FB261F2C4D}.Release|x86.ActiveCfg = Release|Win32
		{808C6AB5-28BE-4D99-8951-A7FB261F2C4D}.Release|x86.Build.0 = Release|Win32
		{5681FC39-F167-45E4-85A4-C2E6306D25DB}.Debug|x64.ActiveCfg = Debug|x64
		{5681FC39-F167-45E4-85A4-C2E6306D25DB}.Debug|x64.Build.0 = Debug|x64
		{5681FC39-F167-45E4-85A4-C2E6306D25DB}.Debug|x86.ActiveCfg = Debug|Win32
		{5681FC39-F167-45E4-85A4-C2E6306D25DB}.Debug|x86.Build.0 = Debug|Win32
		{5681FC39-F167-45E4-85A4-C2E6306D25DB}.Release|x64.ActiveCfg = Release|x64
		{5681FC39-F167-45E4-85A4-C2E6306D25DB}.Release|x64.Build.0 = Release|x64
		{5681FC39-F167-45E4-85A4-C2E6306D25DB}.Release|x86.ActiveCfg = Release|Win32
		{5681FC39-F167-45E4-85A4-C2E6306D25DB}.Release|x86.Build.0 = Release|Win32
		{4E90DDF2-E14E-45F4-8E08-339C4E59E533}.Debug|x64.ActiveCfg = Debug|x64
		{4E90DDF2-E14E-45F4-8E08-339C4E59E533}.Debug|x64.Build.0 = Debug|x64
		{4E90DDF2-E14E-45F4-8E08-339C4E59E533}.Debug|x86.ActiveCfg = Debug|Win32
		{4E90DDF2-E14E-45F4-8E08-339C4E59E533}.Debug|x86.Build.0 = Debug|Win32
		{4E90DDF2-E14E-45F4-8E08-339C4E59E533}.Release|x64.ActiveCfg = Release|x64
		{4E90DDF2-E14E-45F4-8E08-339C4E59E533}.Release|x64.Build.0 = Release|x64
		{4E90DDF2-E14E-45F4-8E08-339C4E59E533}.Release|x86.ActiveCfg = Release|Win32
		{4E90DDF2-E14E-45F4-8E08-339C4E59E533}.Release|x86.Build.0 = Release|Win32
		{43EC774C-9D73-42C7-BCA1-85E572B66381}.Debug|x64.ActiveCfg = Debug|x64
		{43EC774C-9D73-42C7-BCA1-85E572B66381}.Debug|x64.Build.0 = Debug|x64
		{43EC774C-9D73-42C7-BCA1-85E572B66381}.Debug|x86.ActiveCfg = Debug|Win32
		{43EC774C-9D73-42C7-BCA1-85E572B66381}.Debug|x86.Build.0 = Debug|Win32
		{43EC774C-9D73-42C7-BCA1-85E572B66381}.Release|x64.ActiveCfg = Release|x64
		{43EC774C-9D73-42C7-BCA1-85E572B66381}.Release|x64.Build.0 = Release|x64
		{43EC774C-9D73-42C7-BCA1-85E572B66381}.Release|x86.ActiveCfg = Release|Win32
		{43EC774C-9D73-42C7-BCA1-85E572B66381}.Release|x86.Build.0 = Release|Win32
		{C6CDEDEA-6652-4B53-827E-759FFE560CA0}.Debug|x64.ActiveCfg = Debug|x64
		{C6CDEDEA-6652-4B53-827E-759FFE560CA0}.Debug|x64.Build.0 = Debug|x64
		{C6CDEDEA-6652-4B53-827E-759FFE560CA0}.Debug|x86.ActiveCfg = Debug|Win32
		{C6CDEDEA-6652-4B53-827E-759FFE560CA0}.Debug|x86.Build.0 = Debug|Win32
		{C6CDEDEA-6652-4B53-827E-759FFE560CA0}.Release|x64.ActiveCfg = Release|x64
		{C6CDEDEA-6652-4B53-827E-759FFE560CA0}.Release|x64.Build.0 = Release|x64
		{C6CDEDEA-6652-4B53-827E-759FFE560CA0}.Release|x86.ActiveCfg = Release|Win32
		{C6CDEDEA-6652-4B53-827E-759FFE560CA0}.Release|x86.Build.0 = Release|Win32
	EndGlobalSection
	GlobalSection(SolutionProperties) = preSolution
		HideSolutionNode = FALSE
	EndGlobalSection
EndGlobal
