
Microsoft Visual Studio Solution File, Format Version 12.00
# Visual Studio 14
VisualStudioVersion = 14.0.25420.1
MinimumVisualStudioVersion = 10.0.40219.1
Project("{8BC9CEB8-8B4A-11D0-8D11-00A0C91BC942}") = "实验12-2", "实验12-2\实验12-2.vcxproj", "{AC3457D0-3AA6-4F67-933D-FCD33BC58EF0}"
EndProject
Project("{8BC9CEB8-8B4A-11D0-8D11-00A0C91BC942}") = "实验12-5", "实验12-5\实验12-5.vcxproj", "{D4AA33E9-2A23-4964-BA75-86876D11152E}"
EndProject
Project("{8BC9CEB8-8B4A-11D0-8D11-00A0C91BC942}") = "实验12-6", "实验12-6\实验12-6.vcxproj", "{543C140B-EBAE-4396-AE07-305C4874F3C9}"
EndProject
Global
	GlobalSection(SolutionConfigurationPlatforms) = preSolution
		Debug|x64 = Debug|x64
		Debug|x86 = Debug|x86
		Release|x64 = Release|x64
		Release|x86 = Release|x86
	EndGlobalSection
	GlobalSection(ProjectConfigurationPlatforms) = postSolution
		{AC3457D0-3AA6-4F67-933D-FCD33BC58EF0}.Debug|x64.ActiveCfg = Debug|x64
		{AC3457D0-3AA6-4F67-933D-FCD33BC58EF0}.Debug|x64.Build.0 = Debug|x64
		{AC3457D0-3AA6-4F67-933D-FCD33BC58EF0}.Debug|x86.ActiveCfg = Debug|Win32
		{AC3457D0-3AA6-4F67-933D-FCD33BC58EF0}.Debug|x86.Build.0 = Debug|Win32
		{AC3457D0-3AA6-4F67-933D-FCD33BC58EF0}.Release|x64.ActiveCfg = Release|x64
		{AC3457D0-3AA6-4F67-933D-FCD33BC58EF0}.Release|x64.Build.0 = Release|x64
		{AC3457D0-3AA6-4F67-933D-FCD33BC58EF0}.Release|x86.ActiveCfg = Release|Win32
		{AC3457D0-3AA6-4F67-933D-FCD33BC58EF0}.Release|x86.Build.0 = Release|Win32
		{D4AA33E9-2A23-4964-BA75-86876D11152E}.Debug|x64.ActiveCfg = Debug|x64
		{D4AA33E9-2A23-4964-BA75-86876D11152E}.Debug|x64.Build.0 = Debug|x64
		{D4AA33E9-2A23-4964-BA75-86876D11152E}.Debug|x86.ActiveCfg = Debug|Win32
		{D4AA33E9-2A23-4964-BA75-86876D11152E}.Debug|x86.Build.0 = Debug|Win32
		{D4AA33E9-2A23-4964-BA75-86876D11152E}.Release|x64.ActiveCfg = Release|x64
		{D4AA33E9-2A23-4964-BA75-86876D11152E}.Release|x64.Build.0 = Release|x64
		{D4AA33E9-2A23-4964-BA75-86876D11152E}.Release|x86.ActiveCfg = Release|Win32
		{D4AA33E9-2A23-4964-BA75-86876D11152E}.Release|x86.Build.0 = Release|Win32
		{543C140B-EBAE-4396-AE07-305C4874F3C9}.Debug|x64.ActiveCfg = Debug|x64
		{543C140B-EBAE-4396-AE07-305C4874F3C9}.Debug|x64.Build.0 = Debug|x64
		{543C140B-EBAE-4396-AE07-305C4874F3C9}.Debug|x86.ActiveCfg = Debug|Win32
		{543C140B-EBAE-4396-AE07-305C4874F3C9}.Debug|x86.Build.0 = Debug|Win32
		{543C140B-EBAE-4396-AE07-305C4874F3C9}.Release|x64.ActiveCfg = Release|x64
		{543C140B-EBAE-4396-AE07-305C4874F3C9}.Release|x64.Build.0 = Release|x64
		{543C140B-EBAE-4396-AE07-305C4874F3C9}.Release|x86.ActiveCfg = Release|Win32
		{543C140B-EBAE-4396-AE07-305C4874F3C9}.Release|x86.Build.0 = Release|Win32
	EndGlobalSection
	GlobalSection(SolutionProperties) = preSolution
		HideSolutionNode = FALSE
	EndGlobalSection
EndGlobal
