
Microsoft Visual Studio Solution File, Format Version 12.00
# Visual Studio 14
VisualStudioVersion = 14.0.25420.1
MinimumVisualStudioVersion = 10.0.40219.1
Project("{8BC9CEB8-8B4A-11D0-8D11-00A0C91BC942}") = "实验10-3", "实验10-3\实验10-3.vcxproj", "{57FB1EBE-1335-46F5-8BC2-63E866495650}"
EndProject
Project("{8BC9CEB8-8B4A-11D0-8D11-00A0C91BC942}") = "实验10-6", "实验10-6\实验10-6.vcxproj", "{3B91EFE1-BDD0-495C-8CE0-D1E15140B0A1}"
EndProject
Project("{8BC9CEB8-8B4A-11D0-8D11-00A0C91BC942}") = "实验10-7", "实验10-7\实验10-7.vcxproj", "{D2DA4D4D-6F9C-4CE7-BAB7-4DDD6139B2CD}"
EndProject
Project("{8BC9CEB8-8B4A-11D0-8D11-00A0C91BC942}") = "实验11-2", "实验11-2\实验11-2.vcxproj", "{5DFA99D8-00AB-4D37-90CE-5199C2D0237F}"
EndProject
Global
	GlobalSection(SolutionConfigurationPlatforms) = preSolution
		Debug|x64 = Debug|x64
		Debug|x86 = Debug|x86
		Release|x64 = Release|x64
		Release|x86 = Release|x86
	EndGlobalSection
	GlobalSection(ProjectConfigurationPlatforms) = postSolution
		{57FB1EBE-1335-46F5-8BC2-63E866495650}.Debug|x64.ActiveCfg = Debug|x64
		{57FB1EBE-1335-46F5-8BC2-63E866495650}.Debug|x64.Build.0 = Debug|x64
		{57FB1EBE-1335-46F5-8BC2-63E866495650}.Debug|x86.ActiveCfg = Debug|Win32
		{57FB1EBE-1335-46F5-8BC2-63E866495650}.Debug|x86.Build.0 = Debug|Win32
		{57FB1EBE-1335-46F5-8BC2-63E866495650}.Release|x64.ActiveCfg = Release|x64
		{57FB1EBE-1335-46F5-8BC2-63E866495650}.Release|x64.Build.0 = Release|x64
		{57FB1EBE-1335-46F5-8BC2-63E866495650}.Release|x86.ActiveCfg = Release|Win32
		{57FB1EBE-1335-46F5-8BC2-63E866495650}.Release|x86.Build.0 = Release|Win32
		{3B91EFE1-BDD0-495C-8CE0-D1E15140B0A1}.Debug|x64.ActiveCfg = Debug|x64
		{3B91EFE1-BDD0-495C-8CE0-D1E15140B0A1}.Debug|x64.Build.0 = Debug|x64
		{3B91EFE1-BDD0-495C-8CE0-D1E15140B0A1}.Debug|x86.ActiveCfg = Debug|Win32
		{3B91EFE1-BDD0-495C-8CE0-D1E15140B0A1}.Debug|x86.Build.0 = Debug|Win32
		{3B91EFE1-BDD0-495C-8CE0-D1E15140B0A1}.Release|x64.ActiveCfg = Release|x64
		{3B91EFE1-BDD0-495C-8CE0-D1E15140B0A1}.Release|x64.Build.0 = Release|x64
		{3B91EFE1-BDD0-495C-8CE0-D1E15140B0A1}.Release|x86.ActiveCfg = Release|Win32
		{3B91EFE1-BDD0-495C-8CE0-D1E15140B0A1}.Release|x86.Build.0 = Release|Win32
		{D2DA4D4D-6F9C-4CE7-BAB7-4DDD6139B2CD}.Debug|x64.ActiveCfg = Debug|x64
		{D2DA4D4D-6F9C-4CE7-BAB7-4DDD6139B2CD}.Debug|x64.Build.0 = Debug|x64
		{D2DA4D4D-6F9C-4CE7-BAB7-4DDD6139B2CD}.Debug|x86.ActiveCfg = Debug|Win32
		{D2DA4D4D-6F9C-4CE7-BAB7-4DDD6139B2CD}.Debug|x86.Build.0 = Debug|Win32
		{D2DA4D4D-6F9C-4CE7-BAB7-4DDD6139B2CD}.Release|x64.ActiveCfg = Release|x64
		{D2DA4D4D-6F9C-4CE7-BAB7-4DDD6139B2CD}.Release|x64.Build.0 = Release|x64
		{D2DA4D4D-6F9C-4CE7-BAB7-4DDD6139B2CD}.Release|x86.ActiveCfg = Release|Win32
		{D2DA4D4D-6F9C-4CE7-BAB7-4DDD6139B2CD}.Release|x86.Build.0 = Release|Win32
		{5DFA99D8-00AB-4D37-90CE-5199C2D0237F}.Debug|x64.ActiveCfg = Debug|x64
		{5DFA99D8-00AB-4D37-90CE-5199C2D0237F}.Debug|x64.Build.0 = Debug|x64
		{5DFA99D8-00AB-4D37-90CE-5199C2D0237F}.Debug|x86.ActiveCfg = Debug|Win32
		{5DFA99D8-00AB-4D37-90CE-5199C2D0237F}.Debug|x86.Build.0 = Debug|Win32
		{5DFA99D8-00AB-4D37-90CE-5199C2D0237F}.Release|x64.ActiveCfg = Release|x64
		{5DFA99D8-00AB-4D37-90CE-5199C2D0237F}.Release|x64.Build.0 = Release|x64
		{5DFA99D8-00AB-4D37-90CE-5199C2D0237F}.Release|x86.ActiveCfg = Release|Win32
		{5DFA99D8-00AB-4D37-90CE-5199C2D0237F}.Release|x86.Build.0 = Release|Win32
	EndGlobalSection
	GlobalSection(SolutionProperties) = preSolution
		HideSolutionNode = FALSE
	EndGlobalSection
EndGlobal
