
Microsoft Visual Studio Solution File, Format Version 12.00
# Visual Studio 14
VisualStudioVersion = 14.0.25420.1
MinimumVisualStudioVersion = 10.0.40219.1
Project("{8BC9CEB8-8B4A-11D0-8D11-00A0C91BC942}") = "5-3", "5-3\5-3.vcxproj", "{58DC56D5-7251-4D56-90FE-2F4E00192795}"
EndProject
Project("{8BC9CEB8-8B4A-11D0-8D11-00A0C91BC942}") = "5-5", "5-5\5-5.vcxproj", "{E4B31B69-A410-43CD-B821-47B1E60CF7FF}"
EndProject
Project("{8BC9CEB8-8B4A-11D0-8D11-00A0C91BC942}") = "5-6", "5-6\5-6.vcxproj", "{2BA90CCF-93D1-4D94-A3D5-DD4A3EA96E60}"
EndProject
Project("{8BC9CEB8-8B4A-11D0-8D11-00A0C91BC942}") = "5-7", "5-7\5-7.vcxproj", "{BA07CDCC-3B0C-4836-B180-C3B697E6DFB5}"
EndProject
Project("{8BC9CEB8-8B4A-11D0-8D11-00A0C91BC942}") = "5-5-2", "5-5\5-5-2\5-5-2.vcxproj", "{D72F3301-9789-43F9-A04C-51E9CAE57F29}"
EndProject
Project("{8BC9CEB8-8B4A-11D0-8D11-00A0C91BC942}") = "5-7-2", "5-7\5-7-2\5-7-2.vcxproj", "{39B6AE60-B985-41D4-91E4-A9B056E1BB64}"
EndProject
Project("{8BC9CEB8-8B4A-11D0-8D11-00A0C91BC942}") = "5-7-3", "5-7\5-7-3\5-7-3.vcxproj", "{11044878-B5EA-4F04-810D-C0D1C5A8FAE5}"
EndProject
Global
	GlobalSection(SolutionConfigurationPlatforms) = preSolution
		Debug|x64 = Debug|x64
		Debug|x86 = Debug|x86
		Release|x64 = Release|x64
		Release|x86 = Release|x86
	EndGlobalSection
	GlobalSection(ProjectConfigurationPlatforms) = postSolution
		{58DC56D5-7251-4D56-90FE-2F4E00192795}.Debug|x64.ActiveCfg = Debug|x64
		{58DC56D5-7251-4D56-90FE-2F4E00192795}.Debug|x64.Build.0 = Debug|x64
		{58DC56D5-7251-4D56-90FE-2F4E00192795}.Debug|x86.ActiveCfg = Debug|Win32
		{58DC56D5-7251-4D56-90FE-2F4E00192795}.Debug|x86.Build.0 = Debug|Win32
		{58DC56D5-7251-4D56-90FE-2F4E00192795}.Release|x64.ActiveCfg = Release|x64
		{58DC56D5-7251-4D56-90FE-2F4E00192795}.Release|x64.Build.0 = Release|x64
		{58DC56D5-7251-4D56-90FE-2F4E00192795}.Release|x86.ActiveCfg = Release|Win32
		{58DC56D5-7251-4D56-90FE-2F4E00192795}.Release|x86.Build.0 = Release|Win32
		{E4B31B69-A410-43CD-B821-47B1E60CF7FF}.Debug|x64.ActiveCfg = Debug|x64
		{E4B31B69-A410-43CD-B821-47B1E60CF7FF}.Debug|x64.Build.0 = Debug|x64
		{E4B31B69-A410-43CD-B821-47B1E60CF7FF}.Debug|x86.ActiveCfg = Debug|Win32
		{E4B31B69-A410-43CD-B821-47B1E60CF7FF}.Debug|x86.Build.0 = Debug|Win32
		{E4B31B69-A410-43CD-B821-47B1E60CF7FF}.Release|x64.ActiveCfg = Release|x64
		{E4B31B69-A410-43CD-B821-47B1E60CF7FF}.Release|x64.Build.0 = Release|x64
		{E4B31B69-A410-43CD-B821-47B1E60CF7FF}.Release|x86.ActiveCfg = Release|Win32
		{E4B31B69-A410-43CD-B821-47B1E60CF7FF}.Release|x86.Build.0 = Release|Win32
		{2BA90CCF-93D1-4D94-A3D5-DD4A3EA96E60}.Debug|x64.ActiveCfg = Debug|x64
		{2BA90CCF-93D1-4D94-A3D5-DD4A3EA96E60}.Debug|x64.Build.0 = Debug|x64
		{2BA90CCF-93D1-4D94-A3D5-DD4A3EA96E60}.Debug|x86.ActiveCfg = Debug|Win32
		{2BA90CCF-93D1-4D94-A3D5-DD4A3EA96E60}.Debug|x86.Build.0 = Debug|Win32
		{2BA90CCF-93D1-4D94-A3D5-DD4A3EA96E60}.Release|x64.ActiveCfg = Release|x64
		{2BA90CCF-93D1-4D94-A3D5-DD4A3EA96E60}.Release|x64.Build.0 = Release|x64
		{2BA90CCF-93D1-4D94-A3D5-DD4A3EA96E60}.Release|x86.ActiveCfg = Release|Win32
		{2BA90CCF-93D1-4D94-A3D5-DD4A3EA96E60}.Release|x86.Build.0 = Release|Win32
		{BA07CDCC-3B0C-4836-B180-C3B697E6DFB5}.Debug|x64.ActiveCfg = Debug|x64
		{BA07CDCC-3B0C-4836-B180-C3B697E6DFB5}.Debug|x64.Build.0 = Debug|x64
		{BA07CDCC-3B0C-4836-B180-C3B697E6DFB5}.Debug|x86.ActiveCfg = Debug|Win32
		{BA07CDCC-3B0C-4836-B180-C3B697E6DFB5}.Debug|x86.Build.0 = Debug|Win32
		{BA07CDCC-3B0C-4836-B180-C3B697E6DFB5}.Release|x64.ActiveCfg = Release|x64
		{BA07CDCC-3B0C-4836-B180-C3B697E6DFB5}.Release|x64.Build.0 = Release|x64
		{BA07CDCC-3B0C-4836-B180-C3B697E6DFB5}.Release|x86.ActiveCfg = Release|Win32
		{BA07CDCC-3B0C-4836-B180-C3B697E6DFB5}.Release|x86.Build.0 = Release|Win32
		{D72F3301-9789-43F9-A04C-51E9CAE57F29}.Debug|x64.ActiveCfg = Debug|x64
		{D72F3301-9789-43F9-A04C-51E9CAE57F29}.Debug|x64.Build.0 = Debug|x64
		{D72F3301-9789-43F9-A04C-51E9CAE57F29}.Debug|x86.ActiveCfg = Debug|Win32
		{D72F3301-9789-43F9-A04C-51E9CAE57F29}.Debug|x86.Build.0 = Debug|Win32
		{D72F3301-9789-43F9-A04C-51E9CAE57F29}.Release|x64.ActiveCfg = Release|x64
		{D72F3301-9789-43F9-A04C-51E9CAE57F29}.Release|x64.Build.0 = Release|x64
		{D72F3301-9789-43F9-A04C-51E9CAE57F29}.Release|x86.ActiveCfg = Release|Win32
		{D72F3301-9789-43F9-A04C-51E9CAE57F29}.Release|x86.Build.0 = Release|Win32
		{39B6AE60-B985-41D4-91E4-A9B056E1BB64}.Debug|x64.ActiveCfg = Debug|x64
		{39B6AE60-B985-41D4-91E4-A9B056E1BB64}.Debug|x64.Build.0 = Debug|x64
		{39B6AE60-B985-41D4-91E4-A9B056E1BB64}.Debug|x86.ActiveCfg = Debug|Win32
		{39B6AE60-B985-41D4-91E4-A9B056E1BB64}.Debug|x86.Build.0 = Debug|Win32
		{39B6AE60-B985-41D4-91E4-A9B056E1BB64}.Release|x64.ActiveCfg = Release|x64
		{39B6AE60-B985-41D4-91E4-A9B056E1BB64}.Release|x64.Build.0 = Release|x64
		{39B6AE60-B985-41D4-91E4-A9B056E1BB64}.Release|x86.ActiveCfg = Release|Win32
		{39B6AE60-B985-41D4-91E4-A9B056E1BB64}.Release|x86.Build.0 = Release|Win32
		{11044878-B5EA-4F04-810D-C0D1C5A8FAE5}.Debug|x64.ActiveCfg = Debug|x64
		{11044878-B5EA-4F04-810D-C0D1C5A8FAE5}.Debug|x64.Build.0 = Debug|x64
		{11044878-B5EA-4F04-810D-C0D1C5A8FAE5}.Debug|x86.ActiveCfg = Debug|Win32
		{11044878-B5EA-4F04-810D-C0D1C5A8FAE5}.Debug|x86.Build.0 = Debug|Win32
		{11044878-B5EA-4F04-810D-C0D1C5A8FAE5}.Release|x64.ActiveCfg = Release|x64
		{11044878-B5EA-4F04-810D-C0D1C5A8FAE5}.Release|x64.Build.0 = Release|x64
		{11044878-B5EA-4F04-810D-C0D1C5A8FAE5}.Release|x86.ActiveCfg = Release|Win32
		{11044878-B5EA-4F04-810D-C0D1C5A8FAE5}.Release|x86.Build.0 = Release|Win32
	EndGlobalSection
	GlobalSection(SolutionProperties) = preSolution
		HideSolutionNode = FALSE
	EndGlobalSection
EndGlobal
